
Microsoft Visual Studio Solution File, Format Version 12.00
Project("{FAE04EC0-301F-11D3-BF4B-00C04F79EFBC}") = "TestCdCi", "TestCdCi\TestCdCi.csproj", "{19CB76E6-1A08-44EB-913C-1A06368990BE}"
EndProject
Global
	GlobalSection(SolutionConfigurationPlatforms) = preSolution
		Debug|Any CPU = Debug|Any CPU
		Release|Any CPU = Release|Any CPU
	EndGlobalSection
	GlobalSection(ProjectConfigurationPlatforms) = postSolution
		{19CB76E6-1A08-44EB-913C-1A06368990BE}.Debug|Any CPU.ActiveCfg = Debug|Any CPU
		{19CB76E6-1A08-44EB-913C-1A06368990BE}.Debug|Any CPU.Build.0 = Debug|Any CPU
		{19CB76E6-1A08-44EB-913C-1A06368990BE}.Release|Any CPU.ActiveCfg = Release|Any CPU
		{19CB76E6-1A08-44EB-913C-1A06368990BE}.Release|Any CPU.Build.0 = Release|Any CPU
	EndGlobalSection
EndGlobal
